PODS:
  - AFNetworking (2.5.4):
    - AFNetworking/NSURLConnection (= 2.5.4)
    - AFNetworking/NSURLSession (= 2.5.4)
    - AFNetworking/Reachability (= 2.5.4)
    - AFNetworking/Security (= 2.5.4)
    - AFNetworking/Serialization (= 2.5.4)
    - AFNetworking/UIKit (= 2.5.4)
  - AFNetworking/NSURLConnection (2.5.4):
    - AFNetworking/Reachability
    - AFNetworking/Security
    - AFNetworking/Serialization
  - AFNetworking/NSURLSession (2.5.4):
    - AFNetworking/Reachability
    - AFNetworking/Security
    - AFNetworking/Serialization
  - AFNetworking/Reachability (2.5.4)
  - AFNetworking/Security (2.5.4)
  - AFNetworking/Serialization (2.5.4)
  - AFNetworking/UIKit (2.5.4):
    - AFNetworking/NSURLConnection
    - AFNetworking/NSURLSession
  - Bugly (2.4.2)
  - EZQRCodeScanner (1.0.0)
  - FMDB (2.6.2):
    - FMDB/standard (= 2.6.2)
  - FMDB/standard (2.6.2)
  - iAppInfos (0.2.1)
  - ICECustomAlertView (1.0.2)
  - ICEVersionUpdate (1.0.0)
  - IQKeyboardManager (3.3.7)
  - MagicalRecord (2.3.2):
    - MagicalRecord/Core (= 2.3.2)
  - MagicalRecord/Core (2.3.2)
  - Mantle (2.0.7):
    - Mantle/extobjc (= 2.0.7)
  - Mantle/extobjc (2.0.7)
  - Masonry (0.6.4)
  - MBProgressHUD (0.8)
  - MD5Digest (1.1.0)
  - ODRefreshControl (1.2)
  - RongCloudIMKit (2.7.3)
  - SDWebImage (3.7.6):
    - SDWebImage/Core (= 3.7.6)
  - SDWebImage/Core (3.7.6)
  - SFHFKeychainUtils (0.0.1)
  - UIView+FrameEx (0.0.1)
  - WActionSheet (0.0.3)
  - YYCache (1.0.4)
  - YYImage (1.0.4):
    - YYImage/Core (= 1.0.4)
  - YYImage/Core (1.0.4)
  - YYWebImage (1.0.5):
    - YYCache
    - YYImage

DEPENDENCIES:
  - AFNetworking (~> 2.5.1)
  - Bugly (~> 2.4.2)
  - EZQRCodeScanner (~> 1.0.0)
  - FMDB
  - iAppInfos (~> 0.2.1)
  - ICECustomAlertView (~> 1.0.2)
  - ICEVersionUpdate (~> 1.0.0)
  - IQKeyboardManager
  - MagicalRecord (~> 2.3.0)
  - Mantle (~> 2.0.6)
  - Masonry (~> 0.6.1)
  - MBProgressHUD (= 0.8)
  - MD5Digest (~> 1.1.0)
  - ODRefreshControl (~> 1.2)
  - RongCloudIMKit (~> 2.7.3)
  - SDWebImage (~> 3.7.1)
  - SFHFKeychainUtils (~> 0.0.1)
  - UIView+FrameEx (~> 0.0.1)
  - WActionSheet (~> 0.0.3)
  - YYWebImage (~> 1.0.5)

SPEC CHECKSUMS:
  AFNetworking: 05edc0ac4c4c8cf57bcf4b84be5b0744b6d8e71e
  Bugly: b09cd3c7e54048a0e079be88a7a99610f14eab8f
  EZQRCodeScanner: c0bfa24c478c81e0af729460b66c8cf502371d48
  FMDB: 854a0341b4726e53276f2a8996f06f1b80f9259a
  iAppInfos: 090ecd9a694be25968bbdbdbff97841b301a9107
  ICECustomAlertView: 98446c150da4632189209b4173169799d2b84d72
  ICEVersionUpdate: 28cbd6aecca9f9eb79afb853a066bd5abccb5e39
  IQKeyboardManager: 249c3946acf61345c18b038eb50863fe2793e3a8
  MagicalRecord: 53bed74b4323b930992a725be713e53b37d19755
  Mantle: bc40bb061d8c2c6fb48d5083e04d928c3b7f73d9
  Masonry: 281802d04d787ea2973179ee8bcb50500579ede2
  MBProgressHUD: 8688c331cb64702283be37ab8d7d329cdd25f251
  MD5Digest: fea371215507cfcdc3c9633d02cffc7fd075ebc3
  ODRefreshControl: 907e6149d72dde488d5917ccfabee5bd8d711a20
  RongCloudIMKit: 0b93700b17d224c7c213815b8a23a9c356fe20e2
  SDWebImage: c325cf02c30337336b95beff20a13df489ec0ec9
  SFHFKeychainUtils: 9576b411a79a058f4d5381ace6f3242b9a62e664
  UIView+FrameEx: ab0c53e158ef0621d7b0b0a26626e175ac17e471
  WActionSheet: d940181cdbc9bfcea8edfe6f7dc707070166fc46
  YYCache: 8105b6638f5e849296c71f331ff83891a4942952
  YYImage: 1e1b62a9997399593e4b9c4ecfbbabbf1d3f3b54
  YYWebImage: 5f7f36aee2ae293f016d418c7d6ba05c4863e928

PODFILE CHECKSUM: ac7d47262e269631645784628891abb31576c098

COCOAPODS: 1.0.1
