// !$*UTF8*$!
{
	archiveVersion = 1;
	classes = {
	};
	objectVersion = 46;
	objects = {

/* Begin PBXBuildFile section */
		75CEF8661DDC878500541660 /* main.m in Sources */ = {isa = PBXBuildFile; fileRef = 75CEF8651DDC878500541660 /* main.m */; };
		75CEF8691DDC878500541660 /* AppDelegate.m in Sources */ = {isa = PBXBuildFile; fileRef = 75CEF8681DDC878500541660 /* AppDelegate.m */; };
		75CEF86C1DDC878500541660 /* ViewController.m in Sources */ = {isa = PBXBuildFile; fileRef = 75CEF86B1DDC878500541660 /* ViewController.m */; };
		75CEF86F1DDC878500541660 /* Main.storyboard in Resources */ = {isa = PBXBuildFile; fileRef = 75CEF86D1DDC878500541660 /* Main.storyboard */; };
		75CEF8711DDC878500541660 /* Assets.xcassets in Resources */ = {isa = PBXBuildFile; fileRef = 75CEF8701DDC878500541660 /* Assets.xcassets */; };
		75CEF8741DDC878500541660 /* LaunchScreen.storyboard in Resources */ = {isa = PBXBuildFile; fileRef = 75CEF8721DDC878500541660 /* LaunchScreen.storyboard */; };
		75CEF87F1DDC878500541660 /* rongchatTests.m in Sources */ = {isa = PBXBuildFile; fileRef = 75CEF87E1DDC878500541660 /* rongchatTests.m */; };
		75CEF88A1DDC878500541660 /* rongchatUITests.m in Sources */ = {isa = PBXBuildFile; fileRef = 75CEF8891DDC878500541660 /* rongchatUITests.m */; };
		75CEF8991DDC87B200541660 /* PPTabBarController.m in Sources */ = {isa = PBXBuildFile; fileRef = 75CEF8981DDC87B200541660 /* PPTabBarController.m */; };
/* End PBXBuildFile section */

/* Begin PBXContainerItemProxy section */
		75CEF87B1DDC878500541660 /* PBXContainerItemProxy */ = {
			isa = PBXContainerItemProxy;
			containerPortal = 75CEF8591DDC878500541660 /* Project object */;
			proxyType = 1;
			remoteGlobalIDString = 75CEF8601DDC878500541660;
			remoteInfo = rongchat;
		};
		75CEF8861DDC878500541660 /* PBXContainerItemProxy */ = {
			isa = PBXContainerItemProxy;
			containerPortal = 75CEF8591DDC878500541660 /* Project object */;
			proxyType = 1;
			remoteGlobalIDString = 75CEF8601DDC878500541660;
			remoteInfo = rongchat;
		};
/* End PBXContainerItemProxy section */

/* Begin PBXFileReference section */
		75CEF8611DDC878500541660 /* rongchat.app */ = {isa = PBXFileReference; explicitFileType = wrapper.application; includeInIndex = 0; path = rongchat.app; sourceTree = BUILT_PRODUCTS_DIR; };
		75CEF8651DDC878500541660 /* main.m */ = {isa = PBXFileReference; lastKnownFileType = sourcecode.c.objc; path = main.m; sourceTree = "<group>"; };
		75CEF8671DDC878500541660 /* AppDelegate.h */ = {isa = PBXFileReference; lastKnownFileType = sourcecode.c.h; path = AppDelegate.h; sourceTree = "<group>"; };
		75CEF8681DDC878500541660 /* AppDelegate.m */ = {isa = PBXFileReference; lastKnownFileType = sourcecode.c.objc; path = AppDelegate.m; sourceTree = "<group>"; };
		75CEF86A1DDC878500541660 /* ViewController.h */ = {isa = PBXFileReference; lastKnownFileType = sourcecode.c.h; path = ViewController.h; sourceTree = "<group>"; };
		75CEF86B1DDC878500541660 /* ViewController.m */ = {isa = PBXFileReference; lastKnownFileType = sourcecode.c.objc; path = ViewController.m; sourceTree = "<group>"; };
		75CEF86E1DDC878500541660 /* Base */ = {isa = PBXFileReference; lastKnownFileType = file.storyboard; name = Base; path = Base.lproj/Main.storyboard; sourceTree = "<group>"; };
		75CEF8701DDC878500541660 /* Assets.xcassets */ = {isa = PBXFileReference; lastKnownFileType = folder.assetcatalog; path = Assets.xcassets; sourceTree = "<group>"; };
		75CEF8731DDC878500541660 /* Base */ = {isa = PBXFileReference; lastKnownFileType = file.storyboard; name = Base; path = Base.lproj/LaunchScreen.storyboard; sourceTree = "<group>"; };
		75CEF8751DDC878500541660 /* Info.plist */ = {isa = PBXFileReference; lastKnownFileType = text.plist.xml; path = Info.plist; sourceTree = "<group>"; };
		75CEF87A1DDC878500541660 /* rongchatTests.xctest */ = {isa = PBXFileReference; explicitFileType = wrapper.cfbundle; includeInIndex = 0; path = rongchatTests.xctest; sourceTree = BUILT_PRODUCTS_DIR; };
		75CEF87E1DDC878500541660 /* rongchatTests.m */ = {isa = PBXFileReference; lastKnownFileType = sourcecode.c.objc; path = rongchatTests.m; sourceTree = "<group>"; };
		75CEF8801DDC878500541660 /* Info.plist */ = {isa = PBXFileReference; lastKnownFileType = text.plist.xml; path = Info.plist; sourceTree = "<group>"; };
		75CEF8851DDC878500541660 /* rongchatUITests.xctest */ = {isa = PBXFileReference; explicitFileType = wrapper.cfbundle; includeInIndex = 0; path = rongchatUITests.xctest; sourceTree = BUILT_PRODUCTS_DIR; };
		75CEF8891DDC878500541660 /* rongchatUITests.m */ = {isa = PBXFileReference; lastKnownFileType = sourcecode.c.objc; path = rongchatUITests.m; sourceTree = "<group>"; };
		75CEF88B1DDC878500541660 /* Info.plist */ = {isa = PBXFileReference; lastKnownFileType = text.plist.xml; path = Info.plist; sourceTree = "<group>"; };
		75CEF8971DDC87B200541660 /* PPTabBarController.h */ = {isa = PBXFileReference; fileEncoding = 4; lastKnownFileType = sourcecode.c.h; path = PPTabBarController.h; sourceTree = "<group>"; };
		75CEF8981DDC87B200541660 /* PPTabBarController.m */ = {isa = PBXFileReference; fileEncoding = 4; lastKnownFileType = sourcecode.c.objc; path = PPTabBarController.m; sourceTree = "<group>"; };
		75CEF89A1DDC880300541660 /* PrefixHeader.pch */ = {isa = PBXFileReference; lastKnownFileType = sourcecode.c.h; name = PrefixHeader.pch; path = rongchat/PrefixHeader.pch; sourceTree = "<group>"; };
		75CEF89B1DDC889F00541660 /* PPMarchos.h */ = {isa = PBXFileReference; lastKnownFileType = sourcecode.c.h; path = PPMarchos.h; sourceTree = "<group>"; };
/* End PBXFileReference section */

/* Begin PBXFrameworksBuildPhase section */
		75CEF85E1DDC878500541660 /* Frameworks */ = {
			isa = PBXFrameworksBuildPhase;
			buildActionMask = 2147483647;
			files = (
			);
			runOnlyForDeploymentPostprocessing = 0;
		};
		75CEF8771DDC878500541660 /* Frameworks */ = {
			isa = PBXFrameworksBuildPhase;
			buildActionMask = 2147483647;
			files = (
			);
			runOnlyForDeploymentPostprocessing = 0;
		};
		75CEF8821DDC878500541660 /* Frameworks */ = {
			isa = PBXFrameworksBuildPhase;
			buildActionMask = 2147483647;
			files = (
			);
			runOnlyForDeploymentPostprocessing = 0;
		};
/* End PBXFrameworksBuildPhase section */

/* Begin PBXGroup section */
		75CEF8581DDC878500541660 = {
			isa = PBXGroup;
			children = (
				75CEF89A1DDC880300541660 /* PrefixHeader.pch */,
				75CEF8631DDC878500541660 /* rongchat */,
				75CEF87D1DDC878500541660 /* rongchatTests */,
				75CEF8881DDC878500541660 /* rongchatUITests */,
				75CEF8621DDC878500541660 /* Products */,
			);
			sourceTree = "<group>";
		};
		75CEF8621DDC878500541660 /* Products */ = {
			isa = PBXGroup;
			children = (
				75CEF8611DDC878500541660 /* rongchat.app */,
				75CEF87A1DDC878500541660 /* rongchatTests.xctest */,
				75CEF8851DDC878500541660 /* rongchatUITests.xctest */,
			);
			name = Products;
			sourceTree = "<group>";
		};
		75CEF8631DDC878500541660 /* rongchat */ = {
			isa = PBXGroup;
			children = (
				75CEF8671DDC878500541660 /* AppDelegate.h */,
				75CEF8681DDC878500541660 /* AppDelegate.m */,
				75CEF86A1DDC878500541660 /* ViewController.h */,
				75CEF86B1DDC878500541660 /* ViewController.m */,
				75CEF8971DDC87B200541660 /* PPTabBarController.h */,
				75CEF8981DDC87B200541660 /* PPTabBarController.m */,
				75CEF86D1DDC878500541660 /* Main.storyboard */,
				75CEF8701DDC878500541660 /* Assets.xcassets */,
				75CEF8721DDC878500541660 /* LaunchScreen.storyboard */,
				75CEF8751DDC878500541660 /* Info.plist */,
				75CEF8641DDC878500541660 /* Supporting Files */,
				75CEF89B1DDC889F00541660 /* PPMarchos.h */,
			);
			path = rongchat;
			sourceTree = "<group>";
		};
		75CEF8641DDC878500541660 /* Supporting Files */ = {
			isa = PBXGroup;
			children = (
				75CEF8651DDC878500541660 /* main.m */,
			);
			name = "Supporting Files";
			sourceTree = "<group>";
		};
		75CEF87D1DDC878500541660 /* rongchatTests */ = {
			isa = PBXGroup;
			children = (
				75CEF87E1DDC878500541660 /* rongchatTests.m */,
				75CEF8801DDC878500541660 /* Info.plist */,
			);
			path = rongchatTests;
			sourceTree = "<group>";
		};
		75CEF8881DDC878500541660 /* rongchatUITests */ = {
			isa = PBXGroup;
			children = (
				75CEF8891DDC878500541660 /* rongchatUITests.m */,
				75CEF88B1DDC878500541660 /* Info.plist */,
			);
			path = rongchatUITests;
			sourceTree = "<group>";
		};
/* End PBXGroup section */

/* Begin PBXNativeTarget section */
		75CEF8601DDC878500541660 /* rongchat */ = {
			isa = PBXNativeTarget;
			buildConfigurationList = 75CEF88E1DDC878500541660 /* Build configuration list for PBXNativeTarget "rongchat" */;
			buildPhases = (
				75CEF85D1DDC878500541660 /* Sources */,
				75CEF85E1DDC878500541660 /* Frameworks */,
				75CEF85F1DDC878500541660 /* Resources */,
			);
			buildRules = (
			);
			dependencies = (
			);
			name = rongchat;
			productName = rongchat;
			productReference = 75CEF8611DDC878500541660 /* rongchat.app */;
			productType = "com.apple.product-type.application";
		};
		75CEF8791DDC878500541660 /* rongchatTests */ = {
			isa = PBXNativeTarget;
			buildConfigurationList = 75CEF8911DDC878500541660 /* Build configuration list for PBXNativeTarget "rongchatTests" */;
			buildPhases = (
				75CEF8761DDC878500541660 /* Sources */,
				75CEF8771DDC878500541660 /* Frameworks */,
				75CEF8781DDC878500541660 /* Resources */,
			);
			buildRules = (
			);
			dependencies = (
				75CEF87C1DDC878500541660 /* PBXTargetDependency */,
			);
			name = rongchatTests;
			productName = rongchatTests;
			productReference = 75CEF87A1DDC878500541660 /* rongchatTests.xctest */;
			productType = "com.apple.product-type.bundle.unit-test";
		};
		75CEF8841DDC878500541660 /* rongchatUITests */ = {
			isa = PBXNativeTarget;
			buildConfigurationList = 75CEF8941DDC878500541660 /* Build configuration list for PBXNativeTarget "rongchatUITests" */;
			buildPhases = (
				75CEF8811DDC878500541660 /* Sources */,
				75CEF8821DDC878500541660 /* Frameworks */,
				75CEF8831DDC878500541660 /* Resources */,
			);
			buildRules = (
			);
			dependencies = (
				75CEF8871DDC878500541660 /* PBXTargetDependency */,
			);
			name = rongchatUITests;
			productName = rongchatUITests;
			productReference = 75CEF8851DDC878500541660 /* rongchatUITests.xctest */;
			productType = "com.apple.product-type.bundle.ui-testing";
		};
/* End PBXNativeTarget section */

/* Begin PBXProject section */
		75CEF8591DDC878500541660 /* Project object */ = {
			isa = PBXProject;
			attributes = {
				LastUpgradeCheck = 0810;
				ORGANIZATIONNAME = vd;
				TargetAttributes = {
					75CEF8601DDC878500541660 = {
						CreatedOnToolsVersion = 8.1;
						DevelopmentTeam = R6B5BG54J2;
						ProvisioningStyle = Automatic;
					};
					75CEF8791DDC878500541660 = {
						CreatedOnToolsVersion = 8.1;
						DevelopmentTeam = R6B5BG54J2;
						ProvisioningStyle = Automatic;
						TestTargetID = 75CEF8601DDC878500541660;
					};
					75CEF8841DDC878500541660 = {
						CreatedOnToolsVersion = 8.1;
						DevelopmentTeam = R6B5BG54J2;
						ProvisioningStyle = Automatic;
						TestTargetID = 75CEF8601DDC878500541660;
					};
				};
			};
			buildConfigurationList = 75CEF85C1DDC878500541660 /* Build configuration list for PBXProject "rongchat" */;
			compatibilityVersion = "Xcode 3.2";
			developmentRegion = English;
			hasScannedForEncodings = 0;
			knownRegions = (
				en,
				Base,
			);
			mainGroup = 75CEF8581DDC878500541660;
			productRefGroup = 75CEF8621DDC878500541660 /* Products */;
			projectDirPath = "";
			projectRoot = "";
			targets = (
				75CEF8601DDC878500541660 /* rongchat */,
				75CEF8791DDC878500541660 /* rongchatTests */,
				75CEF8841DDC878500541660 /* rongchatUITests */,
			);
		};
/* End PBXProject section */

/* Begin PBXResourcesBuildPhase section */
		75CEF85F1DDC878500541660 /* Resources */ = {
			isa = PBXResourcesBuildPhase;
			buildActionMask = 2147483647;
			files = (
				75CEF8741DDC878500541660 /* LaunchScreen.storyboard in Resources */,
				75CEF8711DDC878500541660 /* Assets.xcassets in Resources */,
				75CEF86F1DDC878500541660 /* Main.storyboard in Resources */,
			);
			runOnlyForDeploymentPostprocessing = 0;
		};
		75CEF8781DDC878500541660 /* Resources */ = {
			isa = PBXResourcesBuildPhase;
			buildActionMask = 2147483647;
			files = (
			);
			runOnlyForDeploymentPostprocessing = 0;
		};
		75CEF8831DDC878500541660 /* Resources */ = {
			isa = PBXResourcesBuildPhase;
			buildActionMask = 2147483647;
			files = (
			);
			runOnlyForDeploymentPostprocessing = 0;
		};
/* End PBXResourcesBuildPhase section */

/* Begin PBXSourcesBuildPhase section */
		75CEF85D1DDC878500541660 /* Sources */ = {
			isa = PBXSourcesBuildPhase;
			buildActionMask = 2147483647;
			files = (
				75CEF86C1DDC878500541660 /* ViewController.m in Sources */,
				75CEF8691DDC878500541660 /* AppDelegate.m in Sources */,
				75CEF8661DDC878500541660 /* main.m in Sources */,
				75CEF8991DDC87B200541660 /* PPTabBarController.m in Sources */,
			);
			runOnlyForDeploymentPostprocessing = 0;
		};
		75CEF8761DDC878500541660 /* Sources */ = {
			isa = PBXSourcesBuildPhase;
			buildActionMask = 2147483647;
			files = (
				75CEF87F1DDC878500541660 /* rongchatTests.m in Sources */,
			);
			runOnlyForDeploymentPostprocessing = 0;
		};
		75CEF8811DDC878500541660 /* Sources */ = {
			isa = PBXSourcesBuildPhase;
			buildActionMask = 2147483647;
			files = (
				75CEF88A1DDC878500541660 /* rongchatUITests.m in Sources */,
			);
			runOnlyForDeploymentPostprocessing = 0;
		};
/* End PBXSourcesBuildPhase section */

/* Begin PBXTargetDependency section */
		75CEF87C1DDC878500541660 /* PBXTargetDependency */ = {
			isa = PBXTargetDependency;
			target = 75CEF8601DDC878500541660 /* rongchat */;
			targetProxy = 75CEF87B1DDC878500541660 /* PBXContainerItemProxy */;
		};
		75CEF8871DDC878500541660 /* PBXTargetDependency */ = {
			isa = PBXTargetDependency;
			target = 75CEF8601DDC878500541660 /* rongchat */;
			targetProxy = 75CEF8861DDC878500541660 /* PBXContainerItemProxy */;
		};
/* End PBXTargetDependency section */

/* Begin PBXVariantGroup section */
		75CEF86D1DDC878500541660 /* Main.storyboard */ = {
			isa = PBXVariantGroup;
			children = (
				75CEF86E1DDC878500541660 /* Base */,
			);
			name = Main.storyboard;
			sourceTree = "<group>";
		};
		75CEF8721DDC878500541660 /* LaunchScreen.storyboard */ = {
			isa = PBXVariantGroup;
			children = (
				75CEF8731DDC878500541660 /* Base */,
			);
			name = LaunchScreen.storyboard;
			sourceTree = "<group>";
		};
/* End PBXVariantGroup section */

/* Begin XCBuildConfiguration section */
		75CEF88C1DDC878500541660 /* Debug */ = {
			isa = XCBuildConfiguration;
			buildSettings = {
				ALWAYS_SEARCH_USER_PATHS = NO;
				CLANG_ANALYZER_NONNULL = YES;
				CLANG_CXX_LANGUAGE_STANDARD = "gnu++0x";
				CLANG_CXX_LIBRARY = "libc++";
				CLANG_ENABLE_MODULES = YES;
				CLANG_ENABLE_OBJC_ARC = YES;
				CLANG_WARN_BOOL_CONVERSION = YES;
				CLANG_WARN_CONSTANT_CONVERSION = YES;
				CLANG_WARN_DIRECT_OBJC_ISA_USAGE = YES_ERROR;
				CLANG_WARN_DOCUMENTATION_COMMENTS = YES;
				CLANG_WARN_EMPTY_BODY = YES;
				CLANG_WARN_ENUM_CONVERSION = YES;
				CLANG_WARN_INFINITE_RECURSION = YES;
				CLANG_WARN_INT_CONVERSION = YES;
				CLANG_WARN_OBJC_ROOT_CLASS = YES_ERROR;
				CLANG_WARN_SUSPICIOUS_MOVES = YES;
				CLANG_WARN_UNREACHABLE_CODE = YES;
				CLANG_WARN__DUPLICATE_METHOD_MATCH = YES;
				"CODE_SIGN_IDENTITY[sdk=iphoneos*]" = "iPhone Developer";
				COPY_PHASE_STRIP = NO;
				DEBUG_INFORMATION_FORMAT = dwarf;
				ENABLE_STRICT_OBJC_MSGSEND = YES;
				ENABLE_TESTABILITY = YES;
				GCC_C_LANGUAGE_STANDARD = gnu99;
				GCC_DYNAMIC_NO_PIC = NO;
				GCC_NO_COMMON_BLOCKS = YES;
				GCC_OPTIMIZATION_LEVEL = 0;
				GCC_PREPROCESSOR_DEFINITIONS = (
					"DEBUG=1",
					"$(inherited)",
				);
				GCC_WARN_64_TO_32_BIT_CONVERSION = YES;
				GCC_WARN_ABOUT_RETURN_TYPE = YES_ERROR;
				GCC_WARN_UNDECLARED_SELECTOR = YES;
				GCC_WARN_UNINITIALIZED_AUTOS = YES_AGGRESSIVE;
				GCC_WARN_UNUSED_FUNCTION = YES;
				GCC_WARN_UNUSED_VARIABLE = YES;
				IPHONEOS_DEPLOYMENT_TARGET = 10.1;
				MTL_ENABLE_DEBUG_INFO = YES;
				ONLY_ACTIVE_ARCH = YES;
				SDKROOT = iphoneos;
			};
			name = Debug;
		};
		75CEF88D1DDC878500541660 /* Release */ = {
			isa = XCBuildConfiguration;
			buildSettings = {
				ALWAYS_SEARCH_USER_PATHS = NO;
				CLANG_ANALYZER_NONNULL = YES;
				CLANG_CXX_LANGUAGE_STANDARD = "gnu++0x";
				CLANG_CXX_LIBRARY = "libc++";
				CLANG_ENABLE_MODULES = YES;
				CLANG_ENABLE_OBJC_ARC = YES;
				CLANG_WARN_BOOL_CONVERSION = YES;
				CLANG_WARN_CONSTANT_CONVERSION = YES;
				CLANG_WARN_DIRECT_OBJC_ISA_USAGE = YES_ERROR;
				CLANG_WARN_DOCUMENTATION_COMMENTS = YES;
				CLANG_WARN_EMPTY_BODY = YES;
				CLANG_WARN_ENUM_CONVERSION = YES;
				CLANG_WARN_INFINITE_RECURSION = YES;
				CLANG_WARN_INT_CONVERSION = YES;
				CLANG_WARN_OBJC_ROOT_CLASS = YES_ERROR;
				CLANG_WARN_SUSPICIOUS_MOVES = YES;
				CLANG_WARN_UNREACHABLE_CODE = YES;
				CLANG_WARN__DUPLICATE_METHOD_MATCH = YES;
				"CODE_SIGN_IDENTITY[sdk=iphoneos*]" = "iPhone Developer";
				COPY_PHASE_STRIP = NO;
				DEBUG_INFORMATION_FORMAT = "dwarf-with-dsym";
				ENABLE_NS_ASSERTIONS = NO;
				ENABLE_STRICT_OBJC_MSGSEND = YES;
				GCC_C_LANGUAGE_STANDARD = gnu99;
				GCC_NO_COMMON_BLOCKS = YES;
				GCC_WARN_64_TO_32_BIT_CONVERSION = YES;
				GCC_WARN_ABOUT_RETURN_TYPE = YES_ERROR;
				GCC_WARN_UNDECLARED_SELECTOR = YES;
				GCC_WARN_UNINITIALIZED_AUTOS = YES_AGGRESSIVE;
				GCC_WARN_UNUSED_FUNCTION = YES;
				GCC_WARN_UNUSED_VARIABLE = YES;
				IPHONEOS_DEPLOYMENT_TARGET = 10.1;
				MTL_ENABLE_DEBUG_INFO = NO;
				SDKROOT = iphoneos;
				VALIDATE_PRODUCT = YES;
			};
			name = Release;
		};
		75CEF88F1DDC878500541660 /* Debug */ = {
			isa = XCBuildConfiguration;
			buildSettings = {
				ASSETCATALOG_COMPILER_APPICON_NAME = AppIcon;
				DEVELOPMENT_TEAM = R6B5BG54J2;
				GCC_PRECOMPILE_PREFIX_HEADER = YES;
				GCC_PREFIX_HEADER = "$(SRCROOT)/rongchat/PrefixHeader.pch";
				INFOPLIST_FILE = rongchat/Info.plist;
				LD_RUNPATH_SEARCH_PATHS = "$(inherited) @executable_path/Frameworks";
				PRODUCT_BUNDLE_IDENTIFIER = com.popoteam.iosPoClientweixin;
				PRODUCT_NAME = "$(TARGET_NAME)";
			};
			name = Debug;
		};
		75CEF8901DDC878500541660 /* Release */ = {
			isa = XCBuildConfiguration;
			buildSettings = {
				ASSETCATALOG_COMPILER_APPICON_NAME = AppIcon;
				DEVELOPMENT_TEAM = R6B5BG54J2;
				GCC_PRECOMPILE_PREFIX_HEADER = YES;
				GCC_PREFIX_HEADER = "$(SRCROOT)/rongchat/PrefixHeader.pch";
				INFOPLIST_FILE = rongchat/Info.plist;
				LD_RUNPATH_SEARCH_PATHS = "$(inherited) @executable_path/Frameworks";
				PRODUCT_BUNDLE_IDENTIFIER = com.popoteam.iosPoClientweixin;
				PRODUCT_NAME = "$(TARGET_NAME)";
			};
			name = Release;
		};
		75CEF8921DDC878500541660 /* Debug */ = {
			isa = XCBuildConfiguration;
			buildSettings = {
				BUNDLE_LOADER = "$(TEST_HOST)";
				DEVELOPMENT_TEAM = R6B5BG54J2;
				INFOPLIST_FILE = rongchatTests/Info.plist;
				LD_RUNPATH_SEARCH_PATHS = "$(inherited) @executable_path/Frameworks @loader_path/Frameworks";
				PRODUCT_BUNDLE_IDENTIFIER = com.soft.demo1.rongchatTests;
				PRODUCT_NAME = "$(TARGET_NAME)";
				TEST_HOST = "$(BUILT_PRODUCTS_DIR)/rongchat.app/rongchat";
			};
			name = Debug;
		};
		75CEF8931DDC878500541660 /* Release */ = {
			isa = XCBuildConfiguration;
			buildSettings = {
				BUNDLE_LOADER = "$(TEST_HOST)";
				DEVELOPMENT_TEAM = R6B5BG54J2;
				INFOPLIST_FILE = rongchatTests/Info.plist;
				LD_RUNPATH_SEARCH_PATHS = "$(inherited) @executable_path/Frameworks @loader_path/Frameworks";
				PRODUCT_BUNDLE_IDENTIFIER = com.soft.demo1.rongchatTests;
				PRODUCT_NAME = "$(TARGET_NAME)";
				TEST_HOST = "$(BUILT_PRODUCTS_DIR)/rongchat.app/rongchat";
			};
			name = Release;
		};
		75CEF8951DDC878500541660 /* Debug */ = {
			isa = XCBuildConfiguration;
			buildSettings = {
				DEVELOPMENT_TEAM = R6B5BG54J2;
				INFOPLIST_FILE = rongchatUITests/Info.plist;
				LD_RUNPATH_SEARCH_PATHS = "$(inherited) @executable_path/Frameworks @loader_path/Frameworks";
				PRODUCT_BUNDLE_IDENTIFIER = com.soft.demo1.rongchatUITests;
				PRODUCT_NAME = "$(TARGET_NAME)";
				TEST_TARGET_NAME = rongchat;
			};
			name = Debug;
		};
		75CEF8961DDC878500541660 /* Release */ = {
			isa = XCBuildConfiguration;
			buildSettings = {
				DEVELOPMENT_TEAM = R6B5BG54J2;
				INFOPLIST_FILE = rongchatUITests/Info.plist;
				LD_RUNPATH_SEARCH_PATHS = "$(inherited) @executable_path/Frameworks @loader_path/Frameworks";
				PRODUCT_BUNDLE_IDENTIFIER = com.soft.demo1.rongchatUITests;
				PRODUCT_NAME = "$(TARGET_NAME)";
				TEST_TARGET_NAME = rongchat;
			};
			name = Release;
		};
/* End XCBuildConfiguration section */

/* Begin XCConfigurationList section */
		75CEF85C1DDC878500541660 /* Build configuration list for PBXProject "rongchat" */ = {
			isa = XCConfigurationList;
			buildConfigurations = (
				75CEF88C1DDC878500541660 /* Debug */,
				75CEF88D1DDC878500541660 /* Release */,
			);
			defaultConfigurationIsVisible = 0;
			defaultConfigurationName = Release;
		};
		75CEF88E1DDC878500541660 /* Build configuration list for PBXNativeTarget "rongchat" */ = {
			isa = XCConfigurationList;
			buildConfigurations = (
				75CEF88F1DDC878500541660 /* Debug */,
				75CEF8901DDC878500541660 /* Release */,
			);
			defaultConfigurationIsVisible = 0;
		};
		75CEF8911DDC878500541660 /* Build configuration list for PBXNativeTarget "rongchatTests" */ = {
			isa = XCConfigurationList;
			buildConfigurations = (
				75CEF8921DDC878500541660 /* Debug */,
				75CEF8931DDC878500541660 /* Release */,
			);
			defaultConfigurationIsVisible = 0;
		};
		75CEF8941DDC878500541660 /* Build configuration list for PBXNativeTarget "rongchatUITests" */ = {
			isa = XCConfigurationList;
			buildConfigurations = (
				75CEF8951DDC878500541660 /* Debug */,
				75CEF8961DDC878500541660 /* Release */,
			);
			defaultConfigurationIsVisible = 0;
		};
/* End XCConfigurationList section */
	};
	rootObject = 75CEF8591DDC878500541660 /* Project object */;
}
